// !$*UTF8*$!
{
	archiveVersion = 1;
	classes = {
	};
	objectVersion = 56;
	objects = {

/* Begin PBXBuildFile section */
		02B776EE2C184E5E00670F63 /* checkin_IOSApp.swift in Sources */ = {isa = PBXBuildFile; fileRef = 02B776ED2C184E5E00670F63 /* checkin_IOSApp.swift */; };
		02B776F02C184E5E00670F63 /* ContentView.swift in Sources */ = {isa = PBXBuildFile; fileRef = 02B776EF2C184E5E00670F63 /* ContentView.swift */; };
		02B776F22C184E5E00670F63 /* Item.swift in Sources */ = {isa = PBXBuildFile; fileRef = 02B776F12C184E5E00670F63 /* Item.swift */; };
		02B776F42C184E5F00670F63 /* Assets.xcassets in Resources */ = {isa = PBXBuildFile; fileRef = 02B776F32C184E5F00670F63 /* Assets.xcassets */; };
		02B776F72C184E5F00670F63 /* Preview Assets.xcassets in Resources */ = {isa = PBXBuildFile; fileRef = 02B776F62C184E5F00670F63 /* Preview Assets.xcassets */; };
		02B777012C184E5F00670F63 /* checkin_IOSTests.swift in Sources */ = {isa = PBXBuildFile; fileRef = 02B777002C184E5F00670F63 /* checkin_IOSTests.swift */; };
		02B7770B2C184E5F00670F63 /* checkin_IOSUITests.swift in Sources */ = {isa = PBXBuildFile; fileRef = 02B7770A2C184E5F00670F63 /* checkin_IOSUITests.swift */; };
		02B7770D2C184E5F00670F63 /* checkin_IOSUITestsLaunchTests.swift in Sources */ = {isa = PBXBuildFile; fileRef = 02B7770C2C184E5F00670F63 /* checkin_IOSUITestsLaunchTests.swift */; };
/* End PBXBuildFile section */

/* Begin PBXContainerItemProxy section */
		02B776FD2C184E5F00670F63 /* PBXContainerItemProxy */ = {
			isa = PBXContainerItemProxy;
			containerPortal = 02B776E22C184E5E00670F63 /* Project object */;
			proxyType = 1;
			remoteGlobalIDString = 02B776E92C184E5E00670F63;
			remoteInfo = checkin_IOS;
		};
		02B777072C184E5F00670F63 /* PBXContainerItemProxy */ = {
			isa = PBXContainerItemProxy;
			containerPortal = 02B776E22C184E5E00670F63 /* Project object */;
			proxyType = 1;
			remoteGlobalIDString = 02B776E92C184E5E00670F63;
			remoteInfo = checkin_IOS;
		};
/* End PBXContainerItemProxy section */

/* Begin PBXFileReference section */
		02B776EA2C184E5E00670F63 /* checkin_IOS.app */ = {isa = PBXFileReference; explicitFileType = wrapper.application; includeInIndex = 0; path = checkin_IOS.app; sourceTree = BUILT_PRODUCTS_DIR; };
		02B776ED2C184E5E00670F63 /* checkin_IOSApp.swift */ = {isa = PBXFileReference; lastKnownFileType = sourcecode.swift; path = checkin_IOSApp.swift; sourceTree = "<group>"; };
		02B776EF2C184E5E00670F63 /* ContentView.swift */ = {isa = PBXFileReference; lastKnownFileType = sourcecode.swift; path = ContentView.swift; sourceTree = "<group>"; };
		02B776F12C184E5E00670F63 /* Item.swift */ = {isa = PBXFileReference; lastKnownFileType = sourcecode.swift; path = Item.swift; sourceTree = "<group>"; };
		02B776F32C184E5F00670F63 /* Assets.xcassets */ = {isa = PBXFileReference; lastKnownFileType = folder.assetcatalog; path = Assets.xcassets; sourceTree = "<group>"; };
		02B776F62C184E5F00670F63 /* Preview Assets.xcassets */ = {isa = PBXFileReference; lastKnownFileType = folder.assetcatalog; path = "Preview Assets.xcassets"; sourceTree = "<group>"; };
		02B776FC2C184E5F00670F63 /* checkin_IOSTests.xctest */ = {isa = PBXFileReference; explicitFileType = wrapper.cfbundle; includeInIndex = 0; path = checkin_IOSTests.xctest; sourceTree = BUILT_PRODUCTS_DIR; };
		02B777002C184E5F00670F63 /* checkin_IOSTests.swift */ = {isa = PBXFileReference; lastKnownFileType = sourcecode.swift; path = checkin_IOSTests.swift; sourceTree = "<group>"; };
		02B777062C184E5F00670F63 /* checkin_IOSUITests.xctest */ = {isa = PBXFileReference; explicitFileType = wrapper.cfbundle; includeInIndex = 0; path = checkin_IOSUITests.xctest; sourceTree = BUILT_PRODUCTS_DIR; };
		02B7770A2C184E5F00670F63 /* checkin_IOSUITests.swift */ = {isa = PBXFileReference; lastKnownFileType = sourcecode.swift; path = checkin_IOSUITests.swift; sourceTree = "<group>"; };
		02B7770C2C184E5F00670F63 /* checkin_IOSUITestsLaunchTests.swift */ = {isa = PBXFileReference; lastKnownFileType = sourcecode.swift; path = checkin_IOSUITestsLaunchTests.swift; sourceTree = "<group>"; };
/* End PBXFileReference section */

/* Begin PBXFrameworksBuildPhase section */
		02B776E72C184E5E00670F63 /* Frameworks */ = {
			isa = PBXFrameworksBuildPhase;
			buildActionMask = 2147483647;
			files = (
			);
			runOnlyForDeploymentPostprocessing = 0;
		};
		02B776F92C184E5F00670F63 /* Frameworks */ = {
			isa = PBXFrameworksBuildPhase;
			buildActionMask = 2147483647;
			files = (
			);
			runOnlyForDeploymentPostprocessing = 0;
		};
		02B777032C184E5F00670F63 /* Frameworks */ = {
			isa = PBXFrameworksBuildPhase;
			buildActionMask = 2147483647;
			files = (
			);
			runOnlyForDeploymentPostprocessing = 0;
		};
/* End PBXFrameworksBuildPhase section */

/* Begin PBXGroup section */
		02B776E12C184E5E00670F63 = {
			isa = PBXGroup;
			children = (
				02B776EC2C184E5E00670F63 /* checkin_IOS */,
				02B776FF2C184E5F00670F63 /* checkin_IOSTests */,
				02B777092C184E5F00670F63 /* checkin_IOSUITests */,
				02B776EB2C184E5E00670F63 /* Products */,
			);
			sourceTree = "<group>";
		};
		02B776EB2C184E5E00670F63 /* Products */ = {
			isa = PBXGroup;
			children = (
				02B776EA2C184E5E00670F63 /* checkin_IOS.app */,
				02B776FC2C184E5F00670F63 /* checkin_IOSTests.xctest */,
				02B777062C184E5F00670F63 /* checkin_IOSUITests.xctest */,
			);
			name = Products;
			sourceTree = "<group>";
		};
		02B776EC2C184E5E00670F63 /* checkin_IOS */ = {
			isa = PBXGroup;
			children = (
				02B776ED2C184E5E00670F63 /* checkin_IOSApp.swift */,
				02B776EF2C184E5E00670F63 /* ContentView.swift */,
				02B776F12C184E5E00670F63 /* Item.swift */,
				02B776F32C184E5F00670F63 /* Assets.xcassets */,
				02B776F52C184E5F00670F63 /* Preview Content */,
			);
			path = checkin_IOS;
			sourceTree = "<group>";
		};
		02B776F52C184E5F00670F63 /* Preview Content */ = {
			isa = PBXGroup;
			children = (
				02B776F62C184E5F00670F63 /* Preview Assets.xcassets */,
			);
			path = "Preview Content";
			sourceTree = "<group>";
		};
		02B776FF2C184E5F00670F63 /* checkin_IOSTests */ = {
			isa = PBXGroup;
			children = (
				02B777002C184E5F00670F63 /* checkin_IOSTests.swift */,
			);
			path = checkin_IOSTests;
			sourceTree = "<group>";
		};
		02B777092C184E5F00670F63 /* checkin_IOSUITests */ = {
			isa = PBXGroup;
			children = (
				02B7770A2C184E5F00670F63 /* checkin_IOSUITests.swift */,
				02B7770C2C184E5F00670F63 /* checkin_IOSUITestsLaunchTests.swift */,
			);
			path = checkin_IOSUITests;
			sourceTree = "<group>";
		};
/* End PBXGroup section */

/* Begin PBXNativeTarget section */
		02B776E92C184E5E00670F63 /* checkin_IOS */ = {
			isa = PBXNativeTarget;
			buildConfigurationList = 02B777102C184E5F00670F63 /* Build configuration list for PBXNativeTarget "checkin_IOS" */;
			buildPhases = (
				02B776E62C184E5E00670F63 /* Sources */,
				02B776E72C184E5E00670F63 /* Frameworks */,
				02B776E82C184E5E00670F63 /* Resources */,
			);
			buildRules = (
			);
			dependencies = (
			);
			name = checkin_IOS;
			productName = checkin_IOS;
			productReference = 02B776EA2C184E5E00670F63 /* checkin_IOS.app */;
			productType = "com.apple.product-type.application";
		};
		02B776FB2C184E5F00670F63 /* checkin_IOSTests */ = {
			isa = PBXNativeTarget;
			buildConfigurationList = 02B777132C184E5F00670F63 /* Build configuration list for PBXNativeTarget "checkin_IOSTests" */;
			buildPhases = (
				02B776F82C184E5F00670F63 /* Sources */,
				02B776F92C184E5F00670F63 /* Frameworks */,
				02B776FA2C184E5F00670F63 /* Resources */,
			);
			buildRules = (
			);
			dependencies = (
				02B776FE2C184E5F00670F63 /* PBXTargetDependency */,
			);
			name = checkin_IOSTests;
			productName = checkin_IOSTests;
			productReference = 02B776FC2C184E5F00670F63 /* checkin_IOSTests.xctest */;
			productType = "com.apple.product-type.bundle.unit-test";
		};
		02B777052C184E5F00670F63 /* checkin_IOSUITests */ = {
			isa = PBXNativeTarget;
			buildConfigurationList = 02B777162C184E5F00670F63 /* Build configuration list for PBXNativeTarget "checkin_IOSUITests" */;
			buildPhases = (
				02B777022C184E5F00670F63 /* Sources */,
				02B777032C184E5F00670F63 /* Frameworks */,
				02B777042C184E5F00670F63 /* Resources */,
			);
			buildRules = (
			);
			dependencies = (
				02B777082C184E5F00670F63 /* PBXTargetDependency */,
			);
			name = checkin_IOSUITests;
			productName = checkin_IOSUITests;
			productReference = 02B777062C184E5F00670F63 /* checkin_IOSUITests.xctest */;
			productType = "com.apple.product-type.bundle.ui-testing";
		};
/* End PBXNativeTarget section */

/* Begin PBXProject section */
		02B776E22C184E5E00670F63 /* Project object */ = {
			isa = PBXProject;
			attributes = {
				BuildIndependentTargetsInParallel = 1;
				LastSwiftUpdateCheck = 1500;
				LastUpgradeCheck = 1500;
				TargetAttributes = {
					02B776E92C184E5E00670F63 = {
						CreatedOnToolsVersion = 15.0.1;
					};
					02B776FB2C184E5F00670F63 = {
						CreatedOnToolsVersion = 15.0.1;
						TestTargetID = 02B776E92C184E5E00670F63;
					};
					02B777052C184E5F00670F63 = {
						CreatedOnToolsVersion = 15.0.1;
						TestTargetID = 02B776E92C184E5E00670F63;
					};
				};
			};
			buildConfigurationList = 02B776E52C184E5E00670F63 /* Build configuration list for PBXProject "checkin_IOS" */;
			compatibilityVersion = "Xcode 14.0";
			developmentRegion = en;
			hasScannedForEncodings = 0;
			knownRegions = (
				en,
				Base,
			);
			mainGroup = 02B776E12C184E5E00670F63;
			productRefGroup = 02B776EB2C184E5E00670F63 /* Products */;
			projectDirPath = "";
			projectRoot = "";
			targets = (
				02B776E92C184E5E00670F63 /* checkin_IOS */,
				02B776FB2C184E5F00670F63 /* checkin_IOSTests */,
				02B777052C184E5F00670F63 /* checkin_IOSUITests */,
			);
		};
/* End PBXProject section */

/* Begin PBXResourcesBuildPhase section */
		02B776E82C184E5E00670F63 /* Resources */ = {
			isa = PBXResourcesBuildPhase;
			buildActionMask = 2147483647;
			files = (
				02B776F72C184E5F00670F63 /* Preview Assets.xcassets in Resources */,
				02B776F42C184E5F00670F63 /* Assets.xcassets in Resources */,
			);
			runOnlyForDeploymentPostprocessing = 0;
		};
		02B776FA2C184E5F00670F63 /* Resources */ = {
			isa = PBXResourcesBuildPhase;
			buildActionMask = 2147483647;
			files = (
			);
			runOnlyForDeploymentPostprocessing = 0;
		};
		02B777042C184E5F00670F63 /* Resources */ = {
			isa = PBXResourcesBuildPhase;
			buildActionMask = 2147483647;
			files = (
			);
			runOnlyForDeploymentPostprocessing = 0;
		};
/* End PBXResourcesBuildPhase section */

/* Begin PBXSourcesBuildPhase section */
		02B776E62C184E5E00670F63 /* Sources */ = {
			isa = PBXSourcesBuildPhase;
			buildActionMask = 2147483647;
			files = (
				02B776F02C184E5E00670F63 /* ContentView.swift in Sources */,
				02B776F22C184E5E00670F63 /* Item.swift in Sources */,
				02B776EE2C184E5E00670F63 /* checkin_IOSApp.swift in Sources */,
			);
			runOnlyForDeploymentPostprocessing = 0;
		};
		02B776F82C184E5F00670F63 /* Sources */ = {
			isa = PBXSourcesBuildPhase;
			buildActionMask = 2147483647;
			files = (
				02B777012C184E5F00670F63 /* checkin_IOSTests.swift in Sources */,
			);
			runOnlyForDeploymentPostprocessing = 0;
		};
		02B777022C184E5F00670F63 /* Sources */ = {
			isa = PBXSourcesBuildPhase;
			buildActionMask = 2147483647;
			files = (
				02B7770D2C184E5F00670F63 /* checkin_IOSUITestsLaunchTests.swift in Sources */,
				02B7770B2C184E5F00670F63 /* checkin_IOSUITests.swift in Sources */,
			);
			runOnlyForDeploymentPostprocessing = 0;
		};
/* End PBXSourcesBuildPhase section */

/* Begin PBXTargetDependency section */
		02B776FE2C184E5F00670F63 /* PBXTargetDependency */ = {
			isa = PBXTargetDependency;
			target = 02B776E92C184E5E00670F63 /* checkin_IOS */;
			targetProxy = 02B776FD2C184E5F00670F63 /* PBXContainerItemProxy */;
		};
		02B777082C184E5F00670F63 /* PBXTargetDependency */ = {
			isa = PBXTargetDependency;
			target = 02B776E92C184E5E00670F63 /* checkin_IOS */;
			targetProxy = 02B777072C184E5F00670F63 /* PBXContainerItemProxy */;
		};
/* End PBXTargetDependency section */

/* Begin XCBuildConfiguration section */
		02B7770E2C184E5F00670F63 /* Debug */ = {
			isa = XCBuildConfiguration;
			buildSettings = {
				ALWAYS_SEARCH_USER_PATHS = NO;
				ASSETCATALOG_COMPILER_GENERATE_SWIFT_ASSET_SYMBOL_EXTENSIONS = YES;
				CLANG_ANALYZER_NONNULL = YES;
				CLANG_ANALYZER_NUMBER_OBJECT_CONVERSION = YES_AGGRESSIVE;
				CLANG_CXX_LANGUAGE_STANDARD = "gnu++20";
				CLANG_ENABLE_MODULES = YES;
				CLANG_ENABLE_OBJC_ARC = YES;
				CLANG_ENABLE_OBJC_WEAK = YES;
				CLANG_WARN_BLOCK_CAPTURE_AUTORELEASING = YES;
				CLANG_WARN_BOOL_CONVERSION = YES;
				CLANG_WARN_COMMA = YES;
				CLANG_WARN_CONSTANT_CONVERSION = YES;
				CLANG_WARN_DEPRECATED_OBJC_IMPLEMENTATIONS = YES;
				CLANG_WARN_DIRECT_OBJC_ISA_USAGE = YES_ERROR;
				CLANG_WARN_DOCUMENTATION_COMMENTS = YES;
				CLANG_WARN_EMPTY_BODY = YES;
				CLANG_WARN_ENUM_CONVERSION = YES;
				CLANG_WARN_INFINITE_RECURSION = YES;
				CLANG_WARN_INT_CONVERSION = YES;
				CLANG_WARN_NON_LITERAL_NULL_CONVERSION = YES;
				CLANG_WARN_OBJC_IMPLICIT_RETAIN_SELF = YES;
				CLANG_WARN_OBJC_LITERAL_CONVERSION = YES;
				CLANG_WARN_OBJC_ROOT_CLASS = YES_ERROR;
				CLANG_WARN_QUOTED_INCLUDE_IN_FRAMEWORK_HEADER = YES;
				CLANG_WARN_RANGE_LOOP_ANALYSIS = YES;
				CLANG_WARN_STRICT_PROTOTYPES = YES;
				CLANG_WARN_SUSPICIOUS_MOVE = YES;
				CLANG_WARN_UNGUARDED_AVAILABILITY = YES_AGGRESSIVE;
				CLANG_WARN_UNREACHABLE_CODE = YES;
				CLANG_WARN__DUPLICATE_METHOD_MATCH = YES;
				COPY_PHASE_STRIP = NO;
				DEBUG_INFORMATION_FORMAT = dwarf;
				ENABLE_STRICT_OBJC_MSGSEND = YES;
				ENABLE_TESTABILITY = YES;
				ENABLE_USER_SCRIPT_SANDBOXING = YES;
				GCC_C_LANGUAGE_STANDARD = gnu17;
				GCC_DYNAMIC_NO_PIC = NO;
				GCC_NO_COMMON_BLOCKS = YES;
				GCC_OPTIMIZATION_LEVEL = 0;
				GCC_PREPROCESSOR_DEFINITIONS = (
					"DEBUG=1",
					"$(inherited)",
				);
				GCC_WARN_64_TO_32_BIT_CONVERSION = YES;
				GCC_WARN_ABOUT_RETURN_TYPE = YES_ERROR;
				GCC_WARN_UNDECLARED_SELECTOR = YES;
				GCC_WARN_UNINITIALIZED_AUTOS = YES_AGGRESSIVE;
				GCC_WARN_UNUSED_FUNCTION = YES;
				GCC_WARN_UNUSED_VARIABLE = YES;
				IPHONEOS_DEPLOYMENT_TARGET = 17.0;
				LOCALIZATION_PREFERS_STRING_CATALOGS = YES;
				MTL_ENABLE_DEBUG_INFO = INCLUDE_SOURCE;
				MTL_FAST_MATH = YES;
				ONLY_ACTIVE_ARCH = YES;
				SDKROOT = iphoneos;
				SWIFT_ACTIVE_COMPILATION_CONDITIONS = "DEBUG $(inherited)";
				SWIFT_OPTIMIZATION_LEVEL = "-Onone";
			};
			name = Debug;
		};
		02B7770F2C184E5F00670F63 /* Release */ = {
			isa = XCBuildConfiguration;
			buildSettings = {
				ALWAYS_SEARCH_USER_PATHS = NO;
				ASSETCATALOG_COMPILER_GENERATE_SWIFT_ASSET_SYMBOL_EXTENSIONS = YES;
				CLANG_ANALYZER_NONNULL = YES;
				CLANG_ANALYZER_NUMBER_OBJECT_CONVERSION = YES_AGGRESSIVE;
				CLANG_CXX_LANGUAGE_STANDARD = "gnu++20";
				CLANG_ENABLE_MODULES = YES;
				CLANG_ENABLE_OBJC_ARC = YES;
				CLANG_ENABLE_OBJC_WEAK = YES;
				CLANG_WARN_BLOCK_CAPTURE_AUTORELEASING = YES;
				CLANG_WARN_BOOL_CONVERSION = YES;
				CLANG_WARN_COMMA = YES;
				CLANG_WARN_CONSTANT_CONVERSION = YES;
				CLANG_WARN_DEPRECATED_OBJC_IMPLEMENTATIONS = YES;
				CLANG_WARN_DIRECT_OBJC_ISA_USAGE = YES_ERROR;
				CLANG_WARN_DOCUMENTATION_COMMENTS = YES;
				CLANG_WARN_EMPTY_BODY = YES;
				CLANG_WARN_ENUM_CONVERSION = YES;
				CLANG_WARN_INFINITE_RECURSION = YES;
				CLANG_WARN_INT_CONVERSION = YES;
				CLANG_WARN_NON_LITERAL_NULL_CONVERSION = YES;
				CLANG_WARN_OBJC_IMPLICIT_RETAIN_SELF = YES;
				CLANG_WARN_OBJC_LITERAL_CONVERSION = YES;
				CLANG_WARN_OBJC_ROOT_CLASS = YES_ERROR;
				CLANG_WARN_QUOTED_INCLUDE_IN_FRAMEWORK_HEADER = YES;
				CLANG_WARN_RANGE_LOOP_ANALYSIS = YES;
				CLANG_WARN_STRICT_PROTOTYPES = YES;
				CLANG_WARN_SUSPICIOUS_MOVE = YES;
				CLANG_WARN_UNGUARDED_AVAILABILITY = YES_AGGRESSIVE;
				CLANG_WARN_UNREACHABLE_CODE = YES;
				CLANG_WARN__DUPLICATE_METHOD_MATCH = YES;
				COPY_PHASE_STRIP = NO;
				DEBUG_INFORMATION_FORMAT = "dwarf-with-dsym";
				ENABLE_NS_ASSERTIONS = NO;
				ENABLE_STRICT_OBJC_MSGSEND = YES;
				ENABLE_USER_SCRIPT_SANDBOXING = YES;
				GCC_C_LANGUAGE_STANDARD = gnu17;
				GCC_NO_COMMON_BLOCKS = YES;
				GCC_WARN_64_TO_32_BIT_CONVERSION = YES;
				GCC_WARN_ABOUT_RETURN_TYPE = YES_ERROR;
				GCC_WARN_UNDECLARED_SELECTOR = YES;
				GCC_WARN_UNINITIALIZED_AUTOS = YES_AGGRESSIVE;
				GCC_WARN_UNUSED_FUNCTION = YES;
				GCC_WARN_UNUSED_VARIABLE = YES;
				IPHONEOS_DEPLOYMENT_TARGET = 17.0;
				LOCALIZATION_PREFERS_STRING_CATALOGS = YES;
				MTL_ENABLE_DEBUG_INFO = NO;
				MTL_FAST_MATH = YES;
				SDKROOT = iphoneos;
				SWIFT_COMPILATION_MODE = wholemodule;
				VALIDATE_PRODUCT = YES;
			};
			name = Release;
		};
		02B777112C184E5F00670F63 /* Debug */ = {
			isa = XCBuildConfiguration;
			buildSettings = {
				ASSETCATALOG_COMPILER_APPICON_NAME = AppIcon;
				ASSETCATALOG_COMPILER_GLOBAL_ACCENT_COLOR_NAME = AccentColor;
				CODE_SIGN_STYLE = Automatic;
				CURRENT_PROJECT_VERSION = 1;
				DEVELOPMENT_ASSET_PATHS = "\"checkin_IOS/Preview Content\"";
				DEVELOPMENT_TEAM = A99D6N4C2B;
				ENABLE_PREVIEWS = YES;
				GENERATE_INFOPLIST_FILE = YES;
				INFOPLIST_KEY_UIApplicationSceneManifest_Generation = YES;
				INFOPLIST_KEY_UIApplicationSupportsIndirectInputEvents = YES;
				INFOPLIST_KEY_UILaunchScreen_Generation = YES;
				INFOPLIST_KEY_UISupportedInterfaceOrientations_iPad = "UIInterfaceOrientationPortrait UIInterfaceOrientationPortraitUpsideDown UIInterfaceOrientationLandscapeLeft UIInterfaceOrientationLandscapeRight";
				INFOPLIST_KEY_UISupportedInterfaceOrientations_iPhone = "UIInterfaceOrientationPortrait UIInterfaceOrientationLandscapeLeft UIInterfaceOrientationLandscapeRight";
				LD_RUNPATH_SEARCH_PATHS = (
					"$(inherited)",
					"@executable_path/Frameworks",
				);
				MARKETING_VERSION = 1.0;
				PRODUCT_BUNDLE_IDENTIFIER = "mohammedichou.checkin-IOS";
				PRODUCT_NAME = "$(TARGET_NAME)";
				SWIFT_EMIT_LOC_STRINGS = YES;
				SWIFT_VERSION = 5.0;
				TARGETED_DEVICE_FAMILY = "1,2";
			};
			name = Debug;
		};
		02B777122C184E5F00670F63 /* Release */ = {
			isa = XCBuildConfiguration;
			buildSettings = {
				ASSETCATALOG_COMPILER_APPICON_NAME = AppIcon;
				ASSETCATALOG_COMPILER_GLOBAL_ACCENT_COLOR_NAME = AccentColor;
				CODE_SIGN_STYLE = Automatic;
				CURRENT_PROJECT_VERSION = 1;
				DEVELOPMENT_ASSET_PATHS = "\"checkin_IOS/Preview Content\"";
				DEVELOPMENT_TEAM = A99D6N4C2B;
				ENABLE_PREVIEWS = YES;
				GENERATE_INFOPLIST_FILE = YES;
				INFOPLIST_KEY_UIApplicationSceneManifest_Generation = YES;
				INFOPLIST_KEY_UIApplicationSupportsIndirectInputEvents = YES;
				INFOPLIST_KEY_UILaunchScreen_Generation = YES;
				INFOPLIST_KEY_UISupportedInterfaceOrientations_iPad = "UIInterfaceOrientationPortrait UIInterfaceOrientationPortraitUpsideDown UIInterfaceOrientationLandscapeLeft UIInterfaceOrientationLandscapeRight";
				INFOPLIST_KEY_UISupportedInterfaceOrientations_iPhone = "UIInterfaceOrientationPortrait UIInterfaceOrientationLandscapeLeft UIInterfaceOrientationLandscapeRight";
				LD_RUNPATH_SEARCH_PATHS = (
					"$(inherited)",
					"@executable_path/Frameworks",
				);
				MARKETING_VERSION = 1.0;
				PRODUCT_BUNDLE_IDENTIFIER = "mohammedichou.checkin-IOS";
				PRODUCT_NAME = "$(TARGET_NAME)";
				SWIFT_EMIT_LOC_STRINGS = YES;
				SWIFT_VERSION = 5.0;
				TARGETED_DEVICE_FAMILY = "1,2";
			};
			name = Release;
		};
		02B777142C184E5F00670F63 /* Debug */ = {
			isa = XCBuildConfiguration;
			buildSettings = {
				ALWAYS_EMBED_SWIFT_STANDARD_LIBRARIES = YES;
				BUNDLE_LOADER = "$(TEST_HOST)";
				CODE_SIGN_STYLE = Automatic;
				CURRENT_PROJECT_VERSION = 1;
				DEVELOPMENT_TEAM = A99D6N4C2B;
				GENERATE_INFOPLIST_FILE = YES;
				IPHONEOS_DEPLOYMENT_TARGET = 17.0;
				MARKETING_VERSION = 1.0;
				PRODUCT_BUNDLE_IDENTIFIER = "mohammedichou.checkin-IOSTests";
				PRODUCT_NAME = "$(TARGET_NAME)";
				SWIFT_EMIT_LOC_STRINGS = NO;
				SWIFT_VERSION = 5.0;
				TARGETED_DEVICE_FAMILY = "1,2";
				TEST_HOST = "$(BUILT_PRODUCTS_DIR)/checkin_IOS.app/$(BUNDLE_EXECUTABLE_FOLDER_PATH)/checkin_IOS";
			};
			name = Debug;
		};
		02B777152C184E5F00670F63 /* Release */ = {
			isa = XCBuildConfiguration;
			buildSettings = {
				ALWAYS_EMBED_SWIFT_STANDARD_LIBRARIES = YES;
				BUNDLE_LOADER = "$(TEST_HOST)";
				CODE_SIGN_STYLE = Automatic;
				CURRENT_PROJECT_VERSION = 1;
				DEVELOPMENT_TEAM = A99D6N4C2B;
				GENERATE_INFOPLIST_FILE = YES;
				IPHONEOS_DEPLOYMENT_TARGET = 17.0;
				MARKETING_VERSION = 1.0;
				PRODUCT_BUNDLE_IDENTIFIER = "mohammedichou.checkin-IOSTests";
				PRODUCT_NAME = "$(TARGET_NAME)";
				SWIFT_EMIT_LOC_STRINGS = NO;
				SWIFT_VERSION = 5.0;
				TARGETED_DEVICE_FAMILY = "1,2";
				TEST_HOST = "$(BUILT_PRODUCTS_DIR)/checkin_IOS.app/$(BUNDLE_EXECUTABLE_FOLDER_PATH)/checkin_IOS";
			};
			name = Release;
		};
		02B777172C184E5F00670F63 /* Debug */ = {
			isa = XCBuildConfiguration;
			buildSettings = {
				ALWAYS_EMBED_SWIFT_STANDARD_LIBRARIES = YES;
				CODE_SIGN_STYLE = Automatic;
				CURRENT_PROJECT_VERSION = 1;
				DEVELOPMENT_TEAM = A99D6N4C2B;
				GENERATE_INFOPLIST_FILE = YES;
				MARKETING_VERSION = 1.0;
				PRODUCT_BUNDLE_IDENTIFIER = "mohammedichou.checkin-IOSUITests";
				PRODUCT_NAME = "$(TARGET_NAME)";
				SWIFT_EMIT_LOC_STRINGS = NO;
				SWIFT_VERSION = 5.0;
				TARGETED_DEVICE_FAMILY = "1,2";
				TEST_TARGET_NAME = checkin_IOS;
			};
			name = Debug;
		};
		02B777182C184E5F00670F63 /* Release */ = {
			isa = XCBuildConfiguration;
			buildSettings = {
				ALWAYS_EMBED_SWIFT_STANDARD_LIBRARIES = YES;
				CODE_SIGN_STYLE = Automatic;
				CURRENT_PROJECT_VERSION = 1;
				DEVELOPMENT_TEAM = A99D6N4C2B;
				GENERATE_INFOPLIST_FILE = YES;
				MARKETING_VERSION = 1.0;
				PRODUCT_BUNDLE_IDENTIFIER = "mohammedichou.checkin-IOSUITests";
				PRODUCT_NAME = "$(TARGET_NAME)";
				SWIFT_EMIT_LOC_STRINGS = NO;
				SWIFT_VERSION = 5.0;
				TARGETED_DEVICE_FAMILY = "1,2";
				TEST_TARGET_NAME = checkin_IOS;
			};
			name = Release;
		};
/* End XCBuildConfiguration section */

/* Begin XCConfigurationList section */
		02B776E52C184E5E00670F63 /* Build configuration list for PBXProject "checkin_IOS" */ = {
			isa = XCConfigurationList;
			buildConfigurations = (
				02B7770E2C184E5F00670F63 /* Debug */,
				02B7770F2C184E5F00670F63 /* Release */,
			);
			defaultConfigurationIsVisible = 0;
			defaultConfigurationName = Release;
		};
		02B777102C184E5F00670F63 /* Build configuration list for PBXNativeTarget "checkin_IOS" */ = {
			isa = XCConfigurationList;
			buildConfigurations = (
				02B777112C184E5F00670F63 /* Debug */,
				02B777122C184E5F00670F63 /* Release */,
			);
			defaultConfigurationIsVisible = 0;
			defaultConfigurationName = Release;
		};
		02B777132C184E5F00670F63 /* Build configuration list for PBXNativeTarget "checkin_IOSTests" */ = {
			isa = XCConfigurationList;
			buildConfigurations = (
				02B777142C184E5F00670F63 /* Debug */,
				02B777152C184E5F00670F63 /* Release */,
			);
			defaultConfigurationIsVisible = 0;
			defaultConfigurationName = Release;
		};
		02B777162C184E5F00670F63 /* Build configuration list for PBXNativeTarget "checkin_IOSUITests" */ = {
			isa = XCConfigurationList;
			buildConfigurations = (
				02B777172C184E5F00670F63 /* Debug */,
				02B777182C184E5F00670F63 /* Release */,
			);
			defaultConfigurationIsVisible = 0;
			defaultConfigurationName = Release;
		};
/* End XCConfigurationList section */
	};
	rootObject = 02B776E22C184E5E00670F63 /* Project object */;
}
